{
  "name": "blockexchange_server",
  "version": "1.0.0",
  "lockfileVersion": 2,
  "requires": true,
  "packages": {
    "": {
      "name": "blockexchange_server",
      "version": "1.0.0",
      "license": "ISC",
      "dependencies": {
        "@fortawesome/fontawesome-free": "^6.1.1",
        "bootswatch": "^5.1.3",
        "vue": "^3.2.34",
        "vue-i18n": "^9.1.10",
        "vue-router": "^4.0.15"
      },
      "devDependencies": {
        "jshint": "^2.13.4",
        "rollup": "^2.74.1"
      }
    },
    "node_modules/@babel/parser": {
      "version": "7.18.0",
      "resolved": "https://registry.npmjs.org/@babel/parser/-/parser-7.18.0.tgz",
      "integrity": "sha512-AqDccGC+m5O/iUStSJy3DGRIUFu7WbY/CppZYwrEUB4N0tZlnI8CSTsgL7v5fHVFmUbRv2sd+yy27o8Ydt4MGg==",
      "bin": {
        "parser": "bin/babel-parser.js"
      },
      "engines": {
        "node": ">=6.0.0"
      }
    },
    "node_modules/@fortawesome/fontawesome-free": {
      "version": "6.1.1",
      "resolved": "https://registry.npmjs.org/@fortawesome/fontawesome-free/-/fontawesome-free-6.1.1.tgz",
      "integrity": "sha512-J/3yg2AIXc9wznaVqpHVX3Wa5jwKovVF0AMYSnbmcXTiL3PpRPfF58pzWucCwEiCJBp+hCNRLWClTomD8SseKg==",
      "hasInstallScript": true,
      "engines": {
        "node": ">=6"
      }
    },
    "node_modules/@intlify/core-base": {
      "version": "9.1.10",
      "resolved": "https://registry.npmjs.org/@intlify/core-base/-/core-base-9.1.10.tgz",
      "integrity": "sha512-So9CNUavB/IsZ+zBmk2Cv6McQp6vc2wbGi1S0XQmJ8Vz+UFcNn9MFXAe9gY67PreIHrbLsLxDD0cwo1qsxM1Nw==",
      "dependencies": {
        "@intlify/devtools-if": "9.1.10",
        "@intlify/message-compiler": "9.1.10",
        "@intlify/message-resolver": "9.1.10",
        "@intlify/runtime": "9.1.10",
        "@intlify/shared": "9.1.10",
        "@intlify/vue-devtools": "9.1.10"
      },
      "engines": {
        "node": ">= 10"
      }
    },
    "node_modules/@intlify/devtools-if": {
      "version": "9.1.10",
      "resolved": "https://registry.npmjs.org/@intlify/devtools-if/-/devtools-if-9.1.10.tgz",
      "integrity": "sha512-SHaKoYu6sog3+Q8js1y3oXLywuogbH1sKuc7NSYkN3GElvXSBaMoCzW+we0ZSFqj/6c7vTNLg9nQ6rxhKqYwnQ==",
      "dependencies": {
        "@intlify/shared": "9.1.10"
      },
      "engines": {
        "node": ">= 10"
      }
    },
    "node_modules/@intlify/message-compiler": {
      "version": "9.1.10",
      "resolved": "https://registry.npmjs.org/@intlify/message-compiler/-/message-compiler-9.1.10.tgz",
      "integrity": "sha512-+JiJpXff/XTb0EadYwdxOyRTB0hXNd4n1HaJ/a4yuV960uRmPXaklJsedW0LNdcptd/hYUZtCkI7Lc9J5C1gxg==",
      "dependencies": {
        "@intlify/message-resolver": "9.1.10",
        "@intlify/shared": "9.1.10",
        "source-map": "0.6.1"
      },
      "engines": {
        "node": ">= 10"
      }
    },
    "node_modules/@intlify/message-resolver": {
      "version": "9.1.10",
      "resolved": "https://registry.npmjs.org/@intlify/message-resolver/-/message-resolver-9.1.10.tgz",
      "integrity": "sha512-5YixMG/M05m0cn9+gOzd4EZQTFRUu8RGhzxJbR1DWN21x/Z3bJ8QpDYj6hC4FwBj5uKsRfKpJQ3Xqg98KWoA+w==",
      "engines": {
        "node": ">= 10"
      }
    },
    "node_modules/@intlify/runtime": {
      "version": "9.1.10",
      "resolved": "https://registry.npmjs.org/@intlify/runtime/-/runtime-9.1.10.tgz",
      "integrity": "sha512-7QsuByNzpe3Gfmhwq6hzgXcMPpxz8Zxb/XFI6s9lQdPLPe5Lgw4U1ovRPZTOs6Y2hwitR3j/HD8BJNGWpJnOFA==",
      "dependencies": {
        "@intlify/message-compiler": "9.1.10",
        "@intlify/message-resolver": "9.1.10",
        "@intlify/shared": "9.1.10"
      },
      "engines": {
        "node": ">= 10"
      }
    },
    "node_modules/@intlify/shared": {
      "version": "9.1.10",
      "resolved": "https://registry.npmjs.org/@intlify/shared/-/shared-9.1.10.tgz",
      "integrity": "sha512-Om54xJeo1Vw+K1+wHYyXngE8cAbrxZHpWjYzMR9wCkqbhGtRV5VLhVc214Ze2YatPrWlS2WSMOWXR8JktX/IgA==",
      "engines": {
        "node": ">= 10"
      }
    },
    "node_modules/@intlify/vue-devtools": {
      "version": "9.1.10",
      "resolved": "https://registry.npmjs.org/@intlify/vue-devtools/-/vue-devtools-9.1.10.tgz",
      "integrity": "sha512-5l3qYARVbkWAkagLu1XbDUWRJSL8br1Dj60wgMaKB0+HswVsrR6LloYZTg7ozyvM621V6+zsmwzbQxbVQyrytQ==",
      "dependencies": {
        "@intlify/message-resolver": "9.1.10",
        "@intlify/runtime": "9.1.10",
        "@intlify/shared": "9.1.10"
      },
      "engines": {
        "node": ">= 10"
      }
    },
    "node_modules/@vue/compiler-core": {
      "version": "3.2.34",
      "resolved": "https://registry.npmjs.org/@vue/compiler-core/-/compiler-core-3.2.34.tgz",
      "integrity": "sha512-Y53lv04ZhDfqflhk4yEgBZrCL1RipbxqmqJFfl1PRkjOzt0bvJpf1sCNN81QNfXohVwFGf+Hng2ztwLwOZgbuA==",
      "dependencies": {
        "@babel/parser": "^7.16.4",
        "@vue/shared": "3.2.34",
        "estree-walker": "^2.0.2",
        "source-map": "^0.6.1"
      }
    },
    "node_modules/@vue/compiler-dom": {
      "version": "3.2.34",
      "resolved": "https://registry.npmjs.org/@vue/compiler-dom/-/compiler-dom-3.2.34.tgz",
      "integrity": "sha512-MFLUYDgy0aES9x1goU/pgxpzgT9IZOndO8qwQVSyVfUvl/CywEBtfBi5+8fsiBDhoGIT7g8qcsUUF1NYViU2vQ==",
      "dependencies": {
        "@vue/compiler-core": "3.2.34",
        "@vue/shared": "3.2.34"
      }
    },
    "node_modules/@vue/compiler-sfc": {
      "version": "3.2.34",
      "resolved": "https://registry.npmjs.org/@vue/compiler-sfc/-/compiler-sfc-3.2.34.tgz",
      "integrity": "sha512-I+vT4soKJtdsoREBDYAcz56+yGpZ5T3GUigvBFgC2yTeTtBtREOPzYw8kZyMuD2ZlryPYBkbV8D9xxcvU0j/aw==",
      "dependencies": {
        "@babel/parser": "^7.16.4",
        "@vue/compiler-core": "3.2.34",
        "@vue/compiler-dom": "3.2.34",
        "@vue/compiler-ssr": "3.2.34",
        "@vue/reactivity-transform": "3.2.34",
        "@vue/shared": "3.2.34",
        "estree-walker": "^2.0.2",
        "magic-string": "^0.25.7",
        "postcss": "^8.1.10",
        "source-map": "^0.6.1"
      }
    },
    "node_modules/@vue/compiler-ssr": {
      "version": "3.2.34",
      "resolved": "https://registry.npmjs.org/@vue/compiler-ssr/-/compiler-ssr-3.2.34.tgz",
      "integrity": "sha512-zyaMdGJhxoA34ibWsXF7VH1PO5yrNB1MZg/ByRfXGM8JefGQaz+PpHvBy/5OI0ehEyhAyCb7279JdhYHacMZbw==",
      "dependencies": {
        "@vue/compiler-dom": "3.2.34",
        "@vue/shared": "3.2.34"
      }
    },
    "node_modules/@vue/devtools-api": {
      "version": "6.0.12",
      "resolved": "https://registry.npmjs.org/@vue/devtools-api/-/devtools-api-6.0.12.tgz",
      "integrity": "sha512-iO/4FIezHKXhiDBdKySCvJVh8/mZPxHpiQrTy+PXVqJZgpTPTdHy4q8GXulaY+UKEagdkBb0onxNQZ0LNiqVhw=="
    },
    "node_modules/@vue/reactivity": {
      "version": "3.2.34",
      "resolved": "https://registry.npmjs.org/@vue/reactivity/-/reactivity-3.2.34.tgz",
      "integrity": "sha512-xbRIOPqxdNOr0zS47moRS6zf4BKd0z+55R85UJlo4r5ezqCktk6fYy1atY4tGzo7Maqh6QoKw3LtIKvpz8d7WA==",
      "dependencies": {
        "@vue/shared": "3.2.34"
      }
    },
    "node_modules/@vue/reactivity-transform": {
      "version": "3.2.34",
      "resolved": "https://registry.npmjs.org/@vue/reactivity-transform/-/reactivity-transform-3.2.34.tgz",
      "integrity": "sha512-OtsrL4/i6Md279pMhZ8wRijeDhPSdnXrH9wmqAcKDhVcp1L2kSWlgVVLa1jGIyyFYE806YiJNJiGBvXPGXMzxw==",
      "dependencies": {
        "@babel/parser": "^7.16.4",
        "@vue/compiler-core": "3.2.34",
        "@vue/shared": "3.2.34",
        "estree-walker": "^2.0.2",
        "magic-string": "^0.25.7"
      }
    },
    "node_modules/@vue/runtime-core": {
      "version": "3.2.34",
      "resolved": "https://registry.npmjs.org/@vue/runtime-core/-/runtime-core-3.2.34.tgz",
      "integrity": "sha512-GtaHqYiuEb56OA0cbMh20UPpDiXGRX+NS1buKif4OL341JJ3NtmNOIchCzknaN76oN6KqrLiO82/+TEZXl2Xtw==",
      "dependencies": {
        "@vue/reactivity": "3.2.34",
        "@vue/shared": "3.2.34"
      }
    },
    "node_modules/@vue/runtime-dom": {
      "version": "3.2.34",
      "resolved": "https://registry.npmjs.org/@vue/runtime-dom/-/runtime-dom-3.2.34.tgz",
      "integrity": "sha512-uqizbaJqmNH3O4TRr+8cM1tid5ODWHyQYZ3CLWcjn3dLkf0N7wvNuhUELQUZU/wQLvVMhJUQNrmOqckHLm6Xpw==",
      "dependencies": {
        "@vue/runtime-core": "3.2.34",
        "@vue/shared": "3.2.34",
        "csstype": "^2.6.8"
      }
    },
    "node_modules/@vue/server-renderer": {
      "version": "3.2.34",
      "resolved": "https://registry.npmjs.org/@vue/server-renderer/-/server-renderer-3.2.34.tgz",
      "integrity": "sha512-PMnBAq1BexPFXBxuLngp4lQvc0XQD1CBDIHtEsG0pRusGWVJddBUKlR/EnnSvGaJ34YmKkAl9kdvczOz0kddew==",
      "dependencies": {
        "@vue/compiler-ssr": "3.2.34",
        "@vue/shared": "3.2.34"
      },
      "peerDependencies": {
        "vue": "3.2.34"
      }
    },
    "node_modules/@vue/shared": {
      "version": "3.2.34",
      "resolved": "https://registry.npmjs.org/@vue/shared/-/shared-3.2.34.tgz",
      "integrity": "sha512-zhEeB8TrFmTXmTXmu/wcjEhgrjO4xqdDQrCdPhjX7NxfoLqoBVKguOm8qyihWNLbP+41svYY4za9mqXyqFLzNg=="
    },
    "node_modules/balanced-match": {
      "version": "1.0.2",
      "resolved": "https://registry.npmjs.org/balanced-match/-/balanced-match-1.0.2.tgz",
      "integrity": "sha512-3oSeUO0TMV67hN1AmbXsK4yaqU7tjiHlbxRDZOpH0KW9+CeX4bRAaX0Anxt0tx2MrpRpWwQaPwIlISEJhYU5Pw==",
      "dev": true
    },
    "node_modules/bootswatch": {
      "version": "5.1.3",
      "resolved": "https://registry.npmjs.org/bootswatch/-/bootswatch-5.1.3.tgz",
      "integrity": "sha512-NmZFN6rOCoXWQ/PkzmD8FFWDe24kocX9OXWHNVaLxVVnpqpAzEbMFsf8bAfKwVtpNXibasZCzv09B5fLieAh2g=="
    },
    "node_modules/brace-expansion": {
      "version": "1.1.11",
      "resolved": "https://registry.npmjs.org/brace-expansion/-/brace-expansion-1.1.11.tgz",
      "integrity": "sha512-iCuPHDFgrHX7H2vEI/5xpz07zSHB00TpugqhmYtVmMO6518mCuRMoOYFldEBl0g187ufozdaHgWKcYFb61qGiA==",
      "dev": true,
      "dependencies": {
        "balanced-match": "^1.0.0",
        "concat-map": "0.0.1"
      }
    },
    "node_modules/cli": {
      "version": "1.0.1",
      "resolved": "https://registry.npmjs.org/cli/-/cli-1.0.1.tgz",
      "integrity": "sha1-IoF1NPJL+klQw01TLUjsvGIbjBQ=",
      "dev": true,
      "dependencies": {
        "exit": "0.1.2",
        "glob": "^7.1.1"
      },
      "engines": {
        "node": ">=0.2.5"
      }
    },
    "node_modules/concat-map": {
      "version": "0.0.1",
      "resolved": "https://registry.npmjs.org/concat-map/-/concat-map-0.0.1.tgz",
      "integrity": "sha1-2Klr13/Wjfd5OnMDajug1UBdR3s=",
      "dev": true
    },
    "node_modules/console-browserify": {
      "version": "1.1.0",
      "resolved": "https://registry.npmjs.org/console-browserify/-/console-browserify-1.1.0.tgz",
      "integrity": "sha1-8CQcRXMKn8YyOyBtvzjtx0HQuxA=",
      "dev": true,
      "dependencies": {
        "date-now": "^0.1.4"
      }
    },
    "node_modules/core-util-is": {
      "version": "1.0.3",
      "resolved": "https://registry.npmjs.org/core-util-is/-/core-util-is-1.0.3.tgz",
      "integrity": "sha512-ZQBvi1DcpJ4GDqanjucZ2Hj3wEO5pZDS89BWbkcrvdxksJorwUDDZamX9ldFkp9aw2lmBDLgkObEA4DWNJ9FYQ==",
      "dev": true
    },
    "node_modules/csstype": {
      "version": "2.6.20",
      "resolved": "https://registry.npmjs.org/csstype/-/csstype-2.6.20.tgz",
      "integrity": "sha512-/WwNkdXfckNgw6S5R125rrW8ez139lBHWouiBvX8dfMFtcn6V81REDqnH7+CRpRipfYlyU1CmOnOxrmGcFOjeA=="
    },
    "node_modules/date-now": {
      "version": "0.1.4",
      "resolved": "https://registry.npmjs.org/date-now/-/date-now-0.1.4.tgz",
      "integrity": "sha1-6vQ5/U1ISK105cx9vvIAZyueNFs=",
      "dev": true
    },
    "node_modules/dom-serializer": {
      "version": "0.2.2",
      "resolved": "https://registry.npmjs.org/dom-serializer/-/dom-serializer-0.2.2.tgz",
      "integrity": "sha512-2/xPb3ORsQ42nHYiSunXkDjPLBaEj/xTwUO4B7XCZQTRk7EBtTOPaygh10YAAh2OI1Qrp6NWfpAhzswj0ydt9g==",
      "dev": true,
      "dependencies": {
        "domelementtype": "^2.0.1",
        "entities": "^2.0.0"
      }
    },
    "node_modules/dom-serializer/node_modules/domelementtype": {
      "version": "2.2.0",
      "resolved": "https://registry.npmjs.org/domelementtype/-/domelementtype-2.2.0.tgz",
      "integrity": "sha512-DtBMo82pv1dFtUmHyr48beiuq792Sxohr+8Hm9zoxklYPfa6n0Z3Byjj2IV7bmr2IyqClnqEQhfgHJJ5QF0R5A==",
      "dev": true,
      "funding": [
        {
          "type": "github",
          "url": "https://github.com/sponsors/fb55"
        }
      ]
    },
    "node_modules/dom-serializer/node_modules/entities": {
      "version": "2.2.0",
      "resolved": "https://registry.npmjs.org/entities/-/entities-2.2.0.tgz",
      "integrity": "sha512-p92if5Nz619I0w+akJrLZH0MX0Pb5DX39XOwQTtXSdQQOaYH03S1uIQp4mhOZtAXrxq4ViO67YTiLBo2638o9A==",
      "dev": true,
      "funding": {
        "url": "https://github.com/fb55/entities?sponsor=1"
      }
    },
    "node_modules/domelementtype": {
      "version": "1.3.1",
      "resolved": "https://registry.npmjs.org/domelementtype/-/domelementtype-1.3.1.tgz",
      "integrity": "sha512-BSKB+TSpMpFI/HOxCNr1O8aMOTZ8hT3pM3GQ0w/mWRmkhEDSFJkkyzz4XQsBV44BChwGkrDfMyjVD0eA2aFV3w==",
      "dev": true
    },
    "node_modules/domhandler": {
      "version": "2.3.0",
      "resolved": "https://registry.npmjs.org/domhandler/-/domhandler-2.3.0.tgz",
      "integrity": "sha1-LeWaCCLVAn+r/28DLCsloqir5zg=",
      "dev": true,
      "dependencies": {
        "domelementtype": "1"
      }
    },
    "node_modules/domutils": {
      "version": "1.5.1",
      "resolved": "https://registry.npmjs.org/domutils/-/domutils-1.5.1.tgz",
      "integrity": "sha1-3NhIiib1Y9YQeeSMn3t+Mjc2gs8=",
      "dev": true,
      "dependencies": {
        "dom-serializer": "0",
        "domelementtype": "1"
      }
    },
    "node_modules/entities": {
      "version": "1.0.0",
      "resolved": "https://registry.npmjs.org/entities/-/entities-1.0.0.tgz",
      "integrity": "sha1-sph6o4ITR/zeZCsk/fyeT7cSvyY=",
      "dev": true
    },
    "node_modules/estree-walker": {
      "version": "2.0.2",
      "resolved": "https://registry.npmjs.org/estree-walker/-/estree-walker-2.0.2.tgz",
      "integrity": "sha512-Rfkk/Mp/DL7JVje3u18FxFujQlTNR2q6QfMSMB7AvCBx91NGj/ba3kCfza0f6dVDbw7YlRf/nDrn7pQrCCyQ/w=="
    },
    "node_modules/exit": {
      "version": "0.1.2",
      "resolved": "https://registry.npmjs.org/exit/-/exit-0.1.2.tgz",
      "integrity": "sha1-BjJjj42HfMghB9MKD/8aF8uhzQw=",
      "dev": true,
      "engines": {
        "node": ">= 0.8.0"
      }
    },
    "node_modules/fs.realpath": {
      "version": "1.0.0",
      "resolved": "https://registry.npmjs.org/fs.realpath/-/fs.realpath-1.0.0.tgz",
      "integrity": "sha1-FQStJSMVjKpA20onh8sBQRmU6k8=",
      "dev": true
    },
    "node_modules/fsevents": {
      "version": "2.3.2",
      "resolved": "https://registry.npmjs.org/fsevents/-/fsevents-2.3.2.tgz",
      "integrity": "sha512-xiqMQR4xAeHTuB9uWm+fFRcIOgKBMiOBP+eXiyT7jsgVCq1bkVygt00oASowB7EdtpOHaaPgKt812P9ab+DDKA==",
      "dev": true,
      "hasInstallScript": true,
      "optional": true,
      "os": [
        "darwin"
      ],
      "engines": {
        "node": "^8.16.0 || ^10.6.0 || >=11.0.0"
      }
    },
    "node_modules/glob": {
      "version": "7.2.0",
      "resolved": "https://registry.npmjs.org/glob/-/glob-7.2.0.tgz",
      "integrity": "sha512-lmLf6gtyrPq8tTjSmrO94wBeQbFR3HbLHbuyD69wuyQkImp2hWqMGB47OX65FBkPffO641IP9jWa1z4ivqG26Q==",
      "dev": true,
      "dependencies": {
        "fs.realpath": "^1.0.0",
        "inflight": "^1.0.4",
        "inherits": "2",
        "minimatch": "^3.0.4",
        "once": "^1.3.0",
        "path-is-absolute": "^1.0.0"
      },
      "engines": {
        "node": "*"
      },
      "funding": {
        "url": "https://github.com/sponsors/isaacs"
      }
    },
    "node_modules/htmlparser2": {
      "version": "3.8.3",
      "resolved": "https://registry.npmjs.org/htmlparser2/-/htmlparser2-3.8.3.tgz",
      "integrity": "sha1-mWwosZFRaovoZQGn15dX5ccMEGg=",
      "dev": true,
      "dependencies": {
        "domelementtype": "1",
        "domhandler": "2.3",
        "domutils": "1.5",
        "entities": "1.0",
        "readable-stream": "1.1"
      }
    },
    "node_modules/inflight": {
      "version": "1.0.6",
      "resolved": "https://registry.npmjs.org/inflight/-/inflight-1.0.6.tgz",
      "integrity": "sha1-Sb1jMdfQLQwJvJEKEHW6gWW1bfk=",
      "dev": true,
      "dependencies": {
        "once": "^1.3.0",
        "wrappy": "1"
      }
    },
    "node_modules/inherits": {
      "version": "2.0.4",
      "resolved": "https://registry.npmjs.org/inherits/-/inherits-2.0.4.tgz",
      "integrity": "sha512-k/vGaX4/Yla3WzyMCvTQOXYeIHvqOKtnqBduzTHpzpQZzAskKMhZ2K+EnBiSM9zGSoIFeMpXKxa4dYeZIQqewQ==",
      "dev": true
    },
    "node_modules/isarray": {
      "version": "0.0.1",
      "resolved": "https://registry.npmjs.org/isarray/-/isarray-0.0.1.tgz",
      "integrity": "sha1-ihis/Kmo9Bd+Cav8YDiTmwXR7t8=",
      "dev": true
    },
    "node_modules/jshint": {
      "version": "2.13.4",
      "resolved": "https://registry.npmjs.org/jshint/-/jshint-2.13.4.tgz",
      "integrity": "sha512-HO3bosL84b2qWqI0q+kpT/OpRJwo0R4ivgmxaO848+bo10rc50SkPnrtwSFXttW0ym4np8jbJvLwk5NziB7jIw==",
      "dev": true,
      "dependencies": {
        "cli": "~1.0.0",
        "console-browserify": "1.1.x",
        "exit": "0.1.x",
        "htmlparser2": "3.8.x",
        "lodash": "~4.17.21",
        "minimatch": "~3.0.2",
        "strip-json-comments": "1.0.x"
      },
      "bin": {
        "jshint": "bin/jshint"
      }
    },
    "node_modules/lodash": {
      "version": "4.17.21",
      "resolved": "https://registry.npmjs.org/lodash/-/lodash-4.17.21.tgz",
      "integrity": "sha512-v2kDEe57lecTulaDIuNTPy3Ry4gLGJ6Z1O3vE1krgXZNrsQ+LFTGHVxVjcXPs17LhbZVGedAJv8XZ1tvj5FvSg==",
      "dev": true
    },
    "node_modules/magic-string": {
      "version": "0.25.9",
      "resolved": "https://registry.npmjs.org/magic-string/-/magic-string-0.25.9.tgz",
      "integrity": "sha512-RmF0AsMzgt25qzqqLc1+MbHmhdx0ojF2Fvs4XnOqz2ZOBXzzkEwc/dJQZCYHAn7v1jbVOjAZfK8msRn4BxO4VQ==",
      "dependencies": {
        "sourcemap-codec": "^1.4.8"
      }
    },
    "node_modules/minimatch": {
      "version": "3.0.4",
      "resolved": "https://registry.npmjs.org/minimatch/-/minimatch-3.0.4.tgz",
      "integrity": "sha512-yJHVQEhyqPLUTgt9B83PXu6W3rx4MvvHvSUvToogpwoGDOUQ+yDrR0HRot+yOCdCO7u4hX3pWft6kWBBcqh0UA==",
      "dev": true,
      "dependencies": {
        "brace-expansion": "^1.1.7"
      },
      "engines": {
        "node": "*"
      }
    },
    "node_modules/nanoid": {
      "version": "3.3.4",
      "resolved": "https://registry.npmjs.org/nanoid/-/nanoid-3.3.4.tgz",
      "integrity": "sha512-MqBkQh/OHTS2egovRtLk45wEyNXwF+cokD+1YPf9u5VfJiRdAiRwB2froX5Co9Rh20xs4siNPm8naNotSD6RBw==",
      "bin": {
        "nanoid": "bin/nanoid.cjs"
      },
      "engines": {
        "node": "^10 || ^12 || ^13.7 || ^14 || >=15.0.1"
      }
    },
    "node_modules/once": {
      "version": "1.4.0",
      "resolved": "https://registry.npmjs.org/once/-/once-1.4.0.tgz",
      "integrity": "sha1-WDsap3WWHUsROsF9nFC6753Xa9E=",
      "dev": true,
      "dependencies": {
        "wrappy": "1"
      }
    },
    "node_modules/path-is-absolute": {
      "version": "1.0.1",
      "resolved": "https://registry.npmjs.org/path-is-absolute/-/path-is-absolute-1.0.1.tgz",
      "integrity": "sha1-F0uSaHNVNP+8es5r9TpanhtcX18=",
      "dev": true,
      "engines": {
        "node": ">=0.10.0"
      }
    },
    "node_modules/picocolors": {
      "version": "1.0.0",
      "resolved": "https://registry.npmjs.org/picocolors/-/picocolors-1.0.0.tgz",
      "integrity": "sha512-1fygroTLlHu66zi26VoTDv8yRgm0Fccecssto+MhsZ0D/DGW2sm8E8AjW7NU5VVTRt5GxbeZ5qBuJr+HyLYkjQ=="
    },
    "node_modules/postcss": {
      "version": "8.4.14",
      "resolved": "https://registry.npmjs.org/postcss/-/postcss-8.4.14.tgz",
      "integrity": "sha512-E398TUmfAYFPBSdzgeieK2Y1+1cpdxJx8yXbK/m57nRhKSmk1GB2tO4lbLBtlkfPQTDKfe4Xqv1ASWPpayPEig==",
      "funding": [
        {
          "type": "opencollective",
          "url": "https://opencollective.com/postcss/"
        },
        {
          "type": "tidelift",
          "url": "https://tidelift.com/funding/github/npm/postcss"
        }
      ],
      "dependencies": {
        "nanoid": "^3.3.4",
        "picocolors": "^1.0.0",
        "source-map-js": "^1.0.2"
      },
      "engines": {
        "node": "^10 || ^12 || >=14"
      }
    },
    "node_modules/readable-stream": {
      "version": "1.1.14",
      "resolved": "https://registry.npmjs.org/readable-stream/-/readable-stream-1.1.14.tgz",
      "integrity": "sha1-fPTFTvZI44EwhMY23SB54WbAgdk=",
      "dev": true,
      "dependencies": {
        "core-util-is": "~1.0.0",
        "inherits": "~2.0.1",
        "isarray": "0.0.1",
        "string_decoder": "~0.10.x"
      }
    },
    "node_modules/rollup": {
      "version": "2.74.1",
      "resolved": "https://registry.npmjs.org/rollup/-/rollup-2.74.1.tgz",
      "integrity": "sha512-K2zW7kV8Voua5eGkbnBtWYfMIhYhT9Pel2uhBk2WO5eMee161nPze/XRfvEQPFYz7KgrCCnmh2Wy0AMFLGGmMA==",
      "dev": true,
      "bin": {
        "rollup": "dist/bin/rollup"
      },
      "engines": {
        "node": ">=10.0.0"
      },
      "optionalDependencies": {
        "fsevents": "~2.3.2"
      }
    },
    "node_modules/source-map": {
      "version": "0.6.1",
      "resolved": "https://registry.npmjs.org/source-map/-/source-map-0.6.1.tgz",
      "integrity": "sha512-UjgapumWlbMhkBgzT7Ykc5YXUT46F0iKu8SGXq0bcwP5dz/h0Plj6enJqjz1Zbq2l5WaqYnrVbwWOWMyF3F47g==",
      "engines": {
        "node": ">=0.10.0"
      }
    },
    "node_modules/source-map-js": {
      "version": "1.0.2",
      "resolved": "https://registry.npmjs.org/source-map-js/-/source-map-js-1.0.2.tgz",
      "integrity": "sha512-R0XvVJ9WusLiqTCEiGCmICCMplcCkIwwR11mOSD9CR5u+IXYdiseeEuXCVAjS54zqwkLcPNnmU4OeJ6tUrWhDw==",
      "engines": {
        "node": ">=0.10.0"
      }
    },
    "node_modules/sourcemap-codec": {
      "version": "1.4.8",
      "resolved": "https://registry.npmjs.org/sourcemap-codec/-/sourcemap-codec-1.4.8.tgz",
      "integrity": "sha512-9NykojV5Uih4lgo5So5dtw+f0JgJX30KCNI8gwhz2J9A15wD0Ml6tjHKwf6fTSa6fAdVBdZeNOs9eJ71qCk8vA=="
    },
    "node_modules/string_decoder": {
      "version": "0.10.31",
      "resolved": "https://registry.npmjs.org/string_decoder/-/string_decoder-0.10.31.tgz",
      "integrity": "sha1-YuIDvEF2bGwoyfyEMB2rHFMQ+pQ=",
      "dev": true
    },
    "node_modules/strip-json-comments": {
      "version": "1.0.4",
      "resolved": "https://registry.npmjs.org/strip-json-comments/-/strip-json-comments-1.0.4.tgz",
      "integrity": "sha1-HhX7ysl9Pumb8tc7TGVrCCu6+5E=",
      "dev": true,
      "bin": {
        "strip-json-comments": "cli.js"
      },
      "engines": {
        "node": ">=0.8.0"
      }
    },
    "node_modules/vue": {
      "version": "3.2.34",
      "resolved": "https://registry.npmjs.org/vue/-/vue-3.2.34.tgz",
      "integrity": "sha512-gXRg5v8OSmGT4ZiQ/X/Pcz6Fr2igHQx/wvRH/pLnt0VvjfGGqrwhnwjYZilLP4HBcO211rMD9PpU6lfWfIv3wg==",
      "dependencies": {
        "@vue/compiler-dom": "3.2.34",
        "@vue/compiler-sfc": "3.2.34",
        "@vue/runtime-dom": "3.2.34",
        "@vue/server-renderer": "3.2.34",
        "@vue/shared": "3.2.34"
      }
    },
    "node_modules/vue-i18n": {
      "version": "9.1.10",
      "resolved": "https://registry.npmjs.org/vue-i18n/-/vue-i18n-9.1.10.tgz",
      "integrity": "sha512-jpr7gV5KPk4n+sSPdpZT8Qx3XzTcNDWffRlHV/cT2NUyEf+sEgTTmLvnBAibjOFJ0zsUyZlVTAWH5DDnYep+1g==",
      "dependencies": {
        "@intlify/core-base": "9.1.10",
        "@intlify/shared": "9.1.10",
        "@intlify/vue-devtools": "9.1.10",
        "@vue/devtools-api": "^6.0.0-beta.7"
      },
      "engines": {
        "node": ">= 10"
      },
      "peerDependencies": {
        "vue": "^3.0.0"
      }
    },
    "node_modules/vue-router": {
      "version": "4.0.15",
      "resolved": "https://registry.npmjs.org/vue-router/-/vue-router-4.0.15.tgz",
      "integrity": "sha512-xa+pIN9ZqORdIW1MkN2+d9Ui2pCM1b/UMgwYUCZOiFYHAvz/slKKBDha8DLrh5aCG/RibtrpyhKjKOZ85tYyWg==",
      "dependencies": {
        "@vue/devtools-api": "^6.0.0"
      },
      "funding": {
        "url": "https://github.com/sponsors/posva"
      },
      "peerDependencies": {
        "vue": "^3.2.0"
      }
    },
    "node_modules/wrappy": {
      "version": "1.0.2",
      "resolved": "https://registry.npmjs.org/wrappy/-/wrappy-1.0.2.tgz",
      "integrity": "sha1-tSQ9jz7BqjXxNkYFvA0QNuMKtp8=",
      "dev": true
    }
  },
  "dependencies": {
    "@babel/parser": {
      "version": "7.18.0",
      "resolved": "https://registry.npmjs.org/@babel/parser/-/parser-7.18.0.tgz",
      "integrity": "sha512-AqDccGC+m5O/iUStSJy3DGRIUFu7WbY/CppZYwrEUB4N0tZlnI8CSTsgL7v5fHVFmUbRv2sd+yy27o8Ydt4MGg=="
    },
    "@fortawesome/fontawesome-free": {
      "version": "6.1.1",
      "resolved": "https://registry.npmjs.org/@fortawesome/fontawesome-free/-/fontawesome-free-6.1.1.tgz",
      "integrity": "sha512-J/3yg2AIXc9wznaVqpHVX3Wa5jwKovVF0AMYSnbmcXTiL3PpRPfF58pzWucCwEiCJBp+hCNRLWClTomD8SseKg=="
    },
    "@intlify/core-base": {
      "version": "9.1.10",
      "resolved": "https://registry.npmjs.org/@intlify/core-base/-/core-base-9.1.10.tgz",
      "integrity": "sha512-So9CNUavB/IsZ+zBmk2Cv6McQp6vc2wbGi1S0XQmJ8Vz+UFcNn9MFXAe9gY67PreIHrbLsLxDD0cwo1qsxM1Nw==",
      "requires": {
        "@intlify/devtools-if": "9.1.10",
        "@intlify/message-compiler": "9.1.10",
        "@intlify/message-resolver": "9.1.10",
        "@intlify/runtime": "9.1.10",
        "@intlify/shared": "9.1.10",
        "@intlify/vue-devtools": "9.1.10"
      }
    },
    "@intlify/devtools-if": {
      "version": "9.1.10",
      "resolved": "https://registry.npmjs.org/@intlify/devtools-if/-/devtools-if-9.1.10.tgz",
      "integrity": "sha512-SHaKoYu6sog3+Q8js1y3oXLywuogbH1sKuc7NSYkN3GElvXSBaMoCzW+we0ZSFqj/6c7vTNLg9nQ6rxhKqYwnQ==",
      "requires": {
        "@intlify/shared": "9.1.10"
      }
    },
    "@intlify/message-compiler": {
      "version": "9.1.10",
      "resolved": "https://registry.npmjs.org/@intlify/message-compiler/-/message-compiler-9.1.10.tgz",
      "integrity": "sha512-+JiJpXff/XTb0EadYwdxOyRTB0hXNd4n1HaJ/a4yuV960uRmPXaklJsedW0LNdcptd/hYUZtCkI7Lc9J5C1gxg==",
      "requires": {
        "@intlify/message-resolver": "9.1.10",
        "@intlify/shared": "9.1.10",
        "source-map": "0.6.1"
      }
    },
    "@intlify/message-resolver": {
      "version": "9.1.10",
      "resolved": "https://registry.npmjs.org/@intlify/message-resolver/-/message-resolver-9.1.10.tgz",
      "integrity": "sha512-5YixMG/M05m0cn9+gOzd4EZQTFRUu8RGhzxJbR1DWN21x/Z3bJ8QpDYj6hC4FwBj5uKsRfKpJQ3Xqg98KWoA+w=="
    },
    "@intlify/runtime": {
      "version": "9.1.10",
      "resolved": "https://registry.npmjs.org/@intlify/runtime/-/runtime-9.1.10.tgz",
      "integrity": "sha512-7QsuByNzpe3Gfmhwq6hzgXcMPpxz8Zxb/XFI6s9lQdPLPe5Lgw4U1ovRPZTOs6Y2hwitR3j/HD8BJNGWpJnOFA==",
      "requires": {
        "@intlify/message-compiler": "9.1.10",
        "@intlify/message-resolver": "9.1.10",
        "@intlify/shared": "9.1.10"
      }
    },
    "@intlify/shared": {
      "version": "9.1.10",
      "resolved": "https://registry.npmjs.org/@intlify/shared/-/shared-9.1.10.tgz",
      "integrity": "sha512-Om54xJeo1Vw+K1+wHYyXngE8cAbrxZHpWjYzMR9wCkqbhGtRV5VLhVc214Ze2YatPrWlS2WSMOWXR8JktX/IgA=="
    },
    "@intlify/vue-devtools": {
      "version": "9.1.10",
      "resolved": "https://registry.npmjs.org/@intlify/vue-devtools/-/vue-devtools-9.1.10.tgz",
      "integrity": "sha512-5l3qYARVbkWAkagLu1XbDUWRJSL8br1Dj60wgMaKB0+HswVsrR6LloYZTg7ozyvM621V6+zsmwzbQxbVQyrytQ==",
      "requires": {
        "@intlify/message-resolver": "9.1.10",
        "@intlify/runtime": "9.1.10",
        "@intlify/shared": "9.1.10"
      }
    },
    "@vue/compiler-core": {
      "version": "3.2.34",
      "resolved": "https://registry.npmjs.org/@vue/compiler-core/-/compiler-core-3.2.34.tgz",
      "integrity": "sha512-Y53lv04ZhDfqflhk4yEgBZrCL1RipbxqmqJFfl1PRkjOzt0bvJpf1sCNN81QNfXohVwFGf+Hng2ztwLwOZgbuA==",
      "requires": {
        "@babel/parser": "^7.16.4",
        "@vue/shared": "3.2.34",
        "estree-walker": "^2.0.2",
        "source-map": "^0.6.1"
      }
    },
    "@vue/compiler-dom": {
      "version": "3.2.34",
      "resolved": "https://registry.npmjs.org/@vue/compiler-dom/-/compiler-dom-3.2.34.tgz",
      "integrity": "sha512-MFLUYDgy0aES9x1goU/pgxpzgT9IZOndO8qwQVSyVfUvl/CywEBtfBi5+8fsiBDhoGIT7g8qcsUUF1NYViU2vQ==",
      "requires": {
        "@vue/compiler-core": "3.2.34",
        "@vue/shared": "3.2.34"
      }
    },
    "@vue/compiler-sfc": {
      "version": "3.2.34",
      "resolved": "https://registry.npmjs.org/@vue/compiler-sfc/-/compiler-sfc-3.2.34.tgz",
      "integrity": "sha512-I+vT4soKJtdsoREBDYAcz56+yGpZ5T3GUigvBFgC2yTeTtBtREOPzYw8kZyMuD2ZlryPYBkbV8D9xxcvU0j/aw==",
      "requires": {
        "@babel/parser": "^7.16.4",
        "@vue/compiler-core": "3.2.34",
        "@vue/compiler-dom": "3.2.34",
        "@vue/compiler-ssr": "3.2.34",
        "@vue/reactivity-transform": "3.2.34",
        "@vue/shared": "3.2.34",
        "estree-walker": "^2.0.2",
        "magic-string": "^0.25.7",
        "postcss": "^8.1.10",
        "source-map": "^0.6.1"
      }
    },
    "@vue/compiler-ssr": {
      "version": "3.2.34",
      "resolved": "https://registry.npmjs.org/@vue/compiler-ssr/-/compiler-ssr-3.2.34.tgz",
      "integrity": "sha512-zyaMdGJhxoA34ibWsXF7VH1PO5yrNB1MZg/ByRfXGM8JefGQaz+PpHvBy/5OI0ehEyhAyCb7279JdhYHacMZbw==",
      "requires": {
        "@vue/compiler-dom": "3.2.34",
        "@vue/shared": "3.2.34"
      }
    },
    "@vue/devtools-api": {
      "version": "6.0.12",
      "resolved": "https://registry.npmjs.org/@vue/devtools-api/-/devtools-api-6.0.12.tgz",
      "integrity": "sha512-iO/4FIezHKXhiDBdKySCvJVh8/mZPxHpiQrTy+PXVqJZgpTPTdHy4q8GXulaY+UKEagdkBb0onxNQZ0LNiqVhw=="
    },
    "@vue/reactivity": {
      "version": "3.2.34",
      "resolved": "https://registry.npmjs.org/@vue/reactivity/-/reactivity-3.2.34.tgz",
      "integrity": "sha512-xbRIOPqxdNOr0zS47moRS6zf4BKd0z+55R85UJlo4r5ezqCktk6fYy1atY4tGzo7Maqh6QoKw3LtIKvpz8d7WA==",
      "requires": {
        "@vue/shared": "3.2.34"
      }
    },
    "@vue/reactivity-transform": {
      "version": "3.2.34",
      "resolved": "https://registry.npmjs.org/@vue/reactivity-transform/-/reactivity-transform-3.2.34.tgz",
      "integrity": "sha512-OtsrL4/i6Md279pMhZ8wRijeDhPSdnXrH9wmqAcKDhVcp1L2kSWlgVVLa1jGIyyFYE806YiJNJiGBvXPGXMzxw==",
      "requires": {
        "@babel/parser": "^7.16.4",
        "@vue/compiler-core": "3.2.34",
        "@vue/shared": "3.2.34",
        "estree-walker": "^2.0.2",
        "magic-string": "^0.25.7"
      }
    },
    "@vue/runtime-core": {
      "version": "3.2.34",
      "resolved": "https://registry.npmjs.org/@vue/runtime-core/-/runtime-core-3.2.34.tgz",
      "integrity": "sha512-GtaHqYiuEb56OA0cbMh20UPpDiXGRX+NS1buKif4OL341JJ3NtmNOIchCzknaN76oN6KqrLiO82/+TEZXl2Xtw==",
      "requires": {
        "@vue/reactivity": "3.2.34",
        "@vue/shared": "3.2.34"
      }
    },
    "@vue/runtime-dom": {
      "version": "3.2.34",
      "resolved": "https://registry.npmjs.org/@vue/runtime-dom/-/runtime-dom-3.2.34.tgz",
      "integrity": "sha512-uqizbaJqmNH3O4TRr+8cM1tid5ODWHyQYZ3CLWcjn3dLkf0N7wvNuhUELQUZU/wQLvVMhJUQNrmOqckHLm6Xpw==",
      "requires": {
        "@vue/runtime-core": "3.2.34",
        "@vue/shared": "3.2.34",
        "csstype": "^2.6.8"
      }
    },
    "@vue/server-renderer": {
      "version": "3.2.34",
      "resolved": "https://registry.npmjs.org/@vue/server-renderer/-/server-renderer-3.2.34.tgz",
      "integrity": "sha512-PMnBAq1BexPFXBxuLngp4lQvc0XQD1CBDIHtEsG0pRusGWVJddBUKlR/EnnSvGaJ34YmKkAl9kdvczOz0kddew==",
      "requires": {
        "@vue/compiler-ssr": "3.2.34",
        "@vue/shared": "3.2.34"
      }
    },
    "@vue/shared": {
      "version": "3.2.34",
      "resolved": "https://registry.npmjs.org/@vue/shared/-/shared-3.2.34.tgz",
      "integrity": "sha512-zhEeB8TrFmTXmTXmu/wcjEhgrjO4xqdDQrCdPhjX7NxfoLqoBVKguOm8qyihWNLbP+41svYY4za9mqXyqFLzNg=="
    },
    "balanced-match": {
      "version": "1.0.2",
      "resolved": "https://registry.npmjs.org/balanced-match/-/balanced-match-1.0.2.tgz",
      "integrity": "sha512-3oSeUO0TMV67hN1AmbXsK4yaqU7tjiHlbxRDZOpH0KW9+CeX4bRAaX0Anxt0tx2MrpRpWwQaPwIlISEJhYU5Pw==",
      "dev": true
    },
    "bootswatch": {
      "version": "5.1.3",
      "resolved": "https://registry.npmjs.org/bootswatch/-/bootswatch-5.1.3.tgz",
      "integrity": "sha512-NmZFN6rOCoXWQ/PkzmD8FFWDe24kocX9OXWHNVaLxVVnpqpAzEbMFsf8bAfKwVtpNXibasZCzv09B5fLieAh2g=="
    },
    "brace-expansion": {
      "version": "1.1.11",
      "resolved": "https://registry.npmjs.org/brace-expansion/-/brace-expansion-1.1.11.tgz",
      "integrity": "sha512-iCuPHDFgrHX7H2vEI/5xpz07zSHB00TpugqhmYtVmMO6518mCuRMoOYFldEBl0g187ufozdaHgWKcYFb61qGiA==",
      "dev": true,
      "requires": {
        "balanced-match": "^1.0.0",
        "concat-map": "0.0.1"
      }
    },
    "cli": {
      "version": "1.0.1",
      "resolved": "https://registry.npmjs.org/cli/-/cli-1.0.1.tgz",
      "integrity": "sha1-IoF1NPJL+klQw01TLUjsvGIbjBQ=",
      "dev": true,
      "requires": {
        "exit": "0.1.2",
        "glob": "^7.1.1"
      }
    },
    "concat-map": {
      "version": "0.0.1",
      "resolved": "https://registry.npmjs.org/concat-map/-/concat-map-0.0.1.tgz",
      "integrity": "sha1-2Klr13/Wjfd5OnMDajug1UBdR3s=",
      "dev": true
    },
    "console-browserify": {
      "version": "1.1.0",
      "resolved": "https://registry.npmjs.org/console-browserify/-/console-browserify-1.1.0.tgz",
      "integrity": "sha1-8CQcRXMKn8YyOyBtvzjtx0HQuxA=",
      "dev": true,
      "requires": {
        "date-now": "^0.1.4"
      }
    },
    "core-util-is": {
      "version": "1.0.3",
      "resolved": "https://registry.npmjs.org/core-util-is/-/core-util-is-1.0.3.tgz",
      "integrity": "sha512-ZQBvi1DcpJ4GDqanjucZ2Hj3wEO5pZDS89BWbkcrvdxksJorwUDDZamX9ldFkp9aw2lmBDLgkObEA4DWNJ9FYQ==",
      "dev": true
    },
    "csstype": {
      "version": "2.6.20",
      "resolved": "https://registry.npmjs.org/csstype/-/csstype-2.6.20.tgz",
      "integrity": "sha512-/WwNkdXfckNgw6S5R125rrW8ez139lBHWouiBvX8dfMFtcn6V81REDqnH7+CRpRipfYlyU1CmOnOxrmGcFOjeA=="
    },
    "date-now": {
      "version": "0.1.4",
      "resolved": "https://registry.npmjs.org/date-now/-/date-now-0.1.4.tgz",
      "integrity": "sha1-6vQ5/U1ISK105cx9vvIAZyueNFs=",
      "dev": true
    },
    "dom-serializer": {
      "version": "0.2.2",
      "resolved": "https://registry.npmjs.org/dom-serializer/-/dom-serializer-0.2.2.tgz",
      "integrity": "sha512-2/xPb3ORsQ42nHYiSunXkDjPLBaEj/xTwUO4B7XCZQTRk7EBtTOPaygh10YAAh2OI1Qrp6NWfpAhzswj0ydt9g==",
      "dev": true,
      "requires": {
        "domelementtype": "^2.0.1",
        "entities": "^2.0.0"
      },
      "dependencies": {
        "domelementtype": {
          "version": "2.2.0",
          "resolved": "https://registry.npmjs.org/domelementtype/-/domelementtype-2.2.0.tgz",
          "integrity": "sha512-DtBMo82pv1dFtUmHyr48beiuq792Sxohr+8Hm9zoxklYPfa6n0Z3Byjj2IV7bmr2IyqClnqEQhfgHJJ5QF0R5A==",
          "dev": true
        },
        "entities": {
          "version": "2.2.0",
          "resolved": "https://registry.npmjs.org/entities/-/entities-2.2.0.tgz",
          "integrity": "sha512-p92if5Nz619I0w+akJrLZH0MX0Pb5DX39XOwQTtXSdQQOaYH03S1uIQp4mhOZtAXrxq4ViO67YTiLBo2638o9A==",
          "dev": true
        }
      }
    },
    "domelementtype": {
      "version": "1.3.1",
      "resolved": "https://registry.npmjs.org/domelementtype/-/domelementtype-1.3.1.tgz",
      "integrity": "sha512-BSKB+TSpMpFI/HOxCNr1O8aMOTZ8hT3pM3GQ0w/mWRmkhEDSFJkkyzz4XQsBV44BChwGkrDfMyjVD0eA2aFV3w==",
      "dev": true
    },
    "domhandler": {
      "version": "2.3.0",
      "resolved": "https://registry.npmjs.org/domhandler/-/domhandler-2.3.0.tgz",
      "integrity": "sha1-LeWaCCLVAn+r/28DLCsloqir5zg=",
      "dev": true,
      "requires": {
        "domelementtype": "1"
      }
    },
    "domutils": {
      "version": "1.5.1",
      "resolved": "https://registry.npmjs.org/domutils/-/domutils-1.5.1.tgz",
      "integrity": "sha1-3NhIiib1Y9YQeeSMn3t+Mjc2gs8=",
      "dev": true,
      "requires": {
        "dom-serializer": "0",
        "domelementtype": "1"
      }
    },
    "entities": {
      "version": "1.0.0",
      "resolved": "https://registry.npmjs.org/entities/-/entities-1.0.0.tgz",
      "integrity": "sha1-sph6o4ITR/zeZCsk/fyeT7cSvyY=",
      "dev": true
    },
    "estree-walker": {
      "version": "2.0.2",
      "resolved": "https://registry.npmjs.org/estree-walker/-/estree-walker-2.0.2.tgz",
      "integrity": "sha512-Rfkk/Mp/DL7JVje3u18FxFujQlTNR2q6QfMSMB7AvCBx91NGj/ba3kCfza0f6dVDbw7YlRf/nDrn7pQrCCyQ/w=="
    },
    "exit": {
      "version": "0.1.2",
      "resolved": "https://registry.npmjs.org/exit/-/exit-0.1.2.tgz",
      "integrity": "sha1-BjJjj42HfMghB9MKD/8aF8uhzQw=",
      "dev": true
    },
    "fs.realpath": {
      "version": "1.0.0",
      "resolved": "https://registry.npmjs.org/fs.realpath/-/fs.realpath-1.0.0.tgz",
      "integrity": "sha1-FQStJSMVjKpA20onh8sBQRmU6k8=",
      "dev": true
    },
    "fsevents": {
      "version": "2.3.2",
      "resolved": "https://registry.npmjs.org/fsevents/-/fsevents-2.3.2.tgz",
      "integrity": "sha512-xiqMQR4xAeHTuB9uWm+fFRcIOgKBMiOBP+eXiyT7jsgVCq1bkVygt00oASowB7EdtpOHaaPgKt812P9ab+DDKA==",
      "dev": true,
      "optional": true
    },
    "glob": {
      "version": "7.2.0",
      "resolved": "https://registry.npmjs.org/glob/-/glob-7.2.0.tgz",
      "integrity": "sha512-lmLf6gtyrPq8tTjSmrO94wBeQbFR3HbLHbuyD69wuyQkImp2hWqMGB47OX65FBkPffO641IP9jWa1z4ivqG26Q==",
      "dev": true,
      "requires": {
        "fs.realpath": "^1.0.0",
        "inflight": "^1.0.4",
        "inherits": "2",
        "minimatch": "^3.0.4",
        "once": "^1.3.0",
        "path-is-absolute": "^1.0.0"
      }
    },
    "htmlparser2": {
      "version": "3.8.3",
      "resolved": "https://registry.npmjs.org/htmlparser2/-/htmlparser2-3.8.3.tgz",
      "integrity": "sha1-mWwosZFRaovoZQGn15dX5ccMEGg=",
      "dev": true,
      "requires": {
        "domelementtype": "1",
        "domhandler": "2.3",
        "domutils": "1.5",
        "entities": "1.0",
        "readable-stream": "1.1"
      }
    },
    "inflight": {
      "version": "1.0.6",
      "resolved": "https://registry.npmjs.org/inflight/-/inflight-1.0.6.tgz",
      "integrity": "sha1-Sb1jMdfQLQwJvJEKEHW6gWW1bfk=",
      "dev": true,
      "requires": {
        "once": "^1.3.0",
        "wrappy": "1"
      }
    },
    "inherits": {
      "version": "2.0.4",
      "resolved": "https://registry.npmjs.org/inherits/-/inherits-2.0.4.tgz",
      "integrity": "sha512-k/vGaX4/Yla3WzyMCvTQOXYeIHvqOKtnqBduzTHpzpQZzAskKMhZ2K+EnBiSM9zGSoIFeMpXKxa4dYeZIQqewQ==",
      "dev": true
    },
    "isarray": {
      "version": "0.0.1",
      "resolved": "https://registry.npmjs.org/isarray/-/isarray-0.0.1.tgz",
      "integrity": "sha1-ihis/Kmo9Bd+Cav8YDiTmwXR7t8=",
      "dev": true
    },
    "jshint": {
      "version": "2.13.4",
      "resolved": "https://registry.npmjs.org/jshint/-/jshint-2.13.4.tgz",
      "integrity": "sha512-HO3bosL84b2qWqI0q+kpT/OpRJwo0R4ivgmxaO848+bo10rc50SkPnrtwSFXttW0ym4np8jbJvLwk5NziB7jIw==",
      "dev": true,
      "requires": {
        "cli": "~1.0.0",
        "console-browserify": "1.1.x",
        "exit": "0.1.x",
        "htmlparser2": "3.8.x",
        "lodash": "~4.17.21",
        "minimatch": "~3.0.2",
        "strip-json-comments": "1.0.x"
      }
    },
    "lodash": {
      "version": "4.17.21",
      "resolved": "https://registry.npmjs.org/lodash/-/lodash-4.17.21.tgz",
      "integrity": "sha512-v2kDEe57lecTulaDIuNTPy3Ry4gLGJ6Z1O3vE1krgXZNrsQ+LFTGHVxVjcXPs17LhbZVGedAJv8XZ1tvj5FvSg==",
      "dev": true
    },
    "magic-string": {
      "version": "0.25.9",
      "resolved": "https://registry.npmjs.org/magic-string/-/magic-string-0.25.9.tgz",
      "integrity": "sha512-RmF0AsMzgt25qzqqLc1+MbHmhdx0ojF2Fvs4XnOqz2ZOBXzzkEwc/dJQZCYHAn7v1jbVOjAZfK8msRn4BxO4VQ==",
      "requires": {
        "sourcemap-codec": "^1.4.8"
      }
    },
    "minimatch": {
      "version": "3.0.4",
      "resolved": "https://registry.npmjs.org/minimatch/-/minimatch-3.0.4.tgz",
      "integrity": "sha512-yJHVQEhyqPLUTgt9B83PXu6W3rx4MvvHvSUvToogpwoGDOUQ+yDrR0HRot+yOCdCO7u4hX3pWft6kWBBcqh0UA==",
      "dev": true,
      "requires": {
        "brace-expansion": "^1.1.7"
      }
    },
    "nanoid": {
      "version": "3.3.4",
      "resolved": "https://registry.npmjs.org/nanoid/-/nanoid-3.3.4.tgz",
      "integrity": "sha512-MqBkQh/OHTS2egovRtLk45wEyNXwF+cokD+1YPf9u5VfJiRdAiRwB2froX5Co9Rh20xs4siNPm8naNotSD6RBw=="
    },
    "once": {
      "version": "1.4.0",
      "resolved": "https://registry.npmjs.org/once/-/once-1.4.0.tgz",
      "integrity": "sha1-WDsap3WWHUsROsF9nFC6753Xa9E=",
      "dev": true,
      "requires": {
        "wrappy": "1"
      }
    },
    "path-is-absolute": {
      "version": "1.0.1",
      "resolved": "https://registry.npmjs.org/path-is-absolute/-/path-is-absolute-1.0.1.tgz",
      "integrity": "sha1-F0uSaHNVNP+8es5r9TpanhtcX18=",
      "dev": true
    },
    "picocolors": {
      "version": "1.0.0",
      "resolved": "https://registry.npmjs.org/picocolors/-/picocolors-1.0.0.tgz",
      "integrity": "sha512-1fygroTLlHu66zi26VoTDv8yRgm0Fccecssto+MhsZ0D/DGW2sm8E8AjW7NU5VVTRt5GxbeZ5qBuJr+HyLYkjQ=="
    },
    "postcss": {
      "version": "8.4.14",
      "resolved": "https://registry.npmjs.org/postcss/-/postcss-8.4.14.tgz",
      "integrity": "sha512-E398TUmfAYFPBSdzgeieK2Y1+1cpdxJx8yXbK/m57nRhKSmk1GB2tO4lbLBtlkfPQTDKfe4Xqv1ASWPpayPEig==",
      "requires": {
        "nanoid": "^3.3.4",
        "picocolors": "^1.0.0",
        "source-map-js": "^1.0.2"
      }
    },
    "readable-stream": {
      "version": "1.1.14",
      "resolved": "https://registry.npmjs.org/readable-stream/-/readable-stream-1.1.14.tgz",
      "integrity": "sha1-fPTFTvZI44EwhMY23SB54WbAgdk=",
      "dev": true,
      "requires": {
        "core-util-is": "~1.0.0",
        "inherits": "~2.0.1",
        "isarray": "0.0.1",
        "string_decoder": "~0.10.x"
      }
    },
    "rollup": {
      "version": "2.74.1",
      "resolved": "https://registry.npmjs.org/rollup/-/rollup-2.74.1.tgz",
      "integrity": "sha512-K2zW7kV8Voua5eGkbnBtWYfMIhYhT9Pel2uhBk2WO5eMee161nPze/XRfvEQPFYz7KgrCCnmh2Wy0AMFLGGmMA==",
      "dev": true,
      "requires": {
        "fsevents": "~2.3.2"
      }
    },
    "source-map": {
      "version": "0.6.1",
      "resolved": "https://registry.npmjs.org/source-map/-/source-map-0.6.1.tgz",
      "integrity": "sha512-UjgapumWlbMhkBgzT7Ykc5YXUT46F0iKu8SGXq0bcwP5dz/h0Plj6enJqjz1Zbq2l5WaqYnrVbwWOWMyF3F47g=="
    },
    "source-map-js": {
      "version": "1.0.2",
      "resolved": "https://registry.npmjs.org/source-map-js/-/source-map-js-1.0.2.tgz",
      "integrity": "sha512-R0XvVJ9WusLiqTCEiGCmICCMplcCkIwwR11mOSD9CR5u+IXYdiseeEuXCVAjS54zqwkLcPNnmU4OeJ6tUrWhDw=="
    },
    "sourcemap-codec": {
      "version": "1.4.8",
      "resolved": "https://registry.npmjs.org/sourcemap-codec/-/sourcemap-codec-1.4.8.tgz",
      "integrity": "sha512-9NykojV5Uih4lgo5So5dtw+f0JgJX30KCNI8gwhz2J9A15wD0Ml6tjHKwf6fTSa6fAdVBdZeNOs9eJ71qCk8vA=="
    },
    "string_decoder": {
      "version": "0.10.31",
      "resolved": "https://registry.npmjs.org/string_decoder/-/string_decoder-0.10.31.tgz",
      "integrity": "sha1-YuIDvEF2bGwoyfyEMB2rHFMQ+pQ=",
      "dev": true
    },
    "strip-json-comments": {
      "version": "1.0.4",
      "resolved": "https://registry.npmjs.org/strip-json-comments/-/strip-json-comments-1.0.4.tgz",
      "integrity": "sha1-HhX7ysl9Pumb8tc7TGVrCCu6+5E=",
      "dev": true
    },
    "vue": {
      "version": "3.2.34",
      "resolved": "https://registry.npmjs.org/vue/-/vue-3.2.34.tgz",
      "integrity": "sha512-gXRg5v8OSmGT4ZiQ/X/Pcz6Fr2igHQx/wvRH/pLnt0VvjfGGqrwhnwjYZilLP4HBcO211rMD9PpU6lfWfIv3wg==",
      "requires": {
        "@vue/compiler-dom": "3.2.34",
        "@vue/compiler-sfc": "3.2.34",
        "@vue/runtime-dom": "3.2.34",
        "@vue/server-renderer": "3.2.34",
        "@vue/shared": "3.2.34"
      }
    },
    "vue-i18n": {
      "version": "9.1.10",
      "resolved": "https://registry.npmjs.org/vue-i18n/-/vue-i18n-9.1.10.tgz",
      "integrity": "sha512-jpr7gV5KPk4n+sSPdpZT8Qx3XzTcNDWffRlHV/cT2NUyEf+sEgTTmLvnBAibjOFJ0zsUyZlVTAWH5DDnYep+1g==",
      "requires": {
        "@intlify/core-base": "9.1.10",
        "@intlify/shared": "9.1.10",
        "@intlify/vue-devtools": "9.1.10",
        "@vue/devtools-api": "^6.0.0-beta.7"
      }
    },
    "vue-router": {
      "version": "4.0.15",
      "resolved": "https://registry.npmjs.org/vue-router/-/vue-router-4.0.15.tgz",
      "integrity": "sha512-xa+pIN9ZqORdIW1MkN2+d9Ui2pCM1b/UMgwYUCZOiFYHAvz/slKKBDha8DLrh5aCG/RibtrpyhKjKOZ85tYyWg==",
      "requires": {
        "@vue/devtools-api": "^6.0.0"
      }
    },
    "wrappy": {
      "version": "1.0.2",
      "resolved": "https://registry.npmjs.org/wrappy/-/wrappy-1.0.2.tgz",
      "integrity": "sha1-tSQ9jz7BqjXxNkYFvA0QNuMKtp8=",
      "dev": true
    }
  }
}
